
Microsoft Visual Studio Solution File, Format Version 12.00
# Visual Studio Version 16
VisualStudioVersion = 16.0.32428.217
MinimumVisualStudioVersion = 10.0.40219.1
Project("{FAE04EC0-301F-11D3-BF4B-00C04F79EFBC}") = "HF_ch11_DataContracts", "HF_ch11_DataContracts.csproj", "{81A451F9-33CC-4335-8CDD-E76D88AA5C7A}"
EndProject
Global
	GlobalSection(SolutionConfigurationPlatforms) = preSolution
		Debug|Any CPU = Debug|Any CPU
		Release|Any CPU = Release|Any CPU
	EndGlobalSection
	GlobalSection(ProjectConfigurationPlatforms) = postSolution
		{81A451F9-33CC-4335-8CDD-E76D88AA5C7A}.Debug|Any CPU.ActiveCfg = Debug|Any CPU
		{81A451F9-33CC-4335-8CDD-E76D88AA5C7A}.Debug|Any CPU.Build.0 = Debug|Any CPU
		{81A451F9-33CC-4335-8CDD-E76D88AA5C7A}.Release|Any CPU.ActiveCfg = Release|Any CPU
		{81A451F9-33CC-4335-8CDD-E76D88AA5C7A}.Release|Any CPU.Build.0 = Release|Any CPU
	EndGlobalSection
	GlobalSection(SolutionProperties) = preSolution
		HideSolutionNode = FALSE
	EndGlobalSection
	GlobalSection(ExtensibilityGlobals) = postSolution
		SolutionGuid = {DE54A378-DED3-498D-998D-CB07D566999C}
	EndGlobalSection
EndGlobal
